// !$*UTF8*$!
{
	archiveVersion = 1;
	classes = {
	};
	objectVersion = 51;
	objects = {

/* Begin PBXBuildFile section */
		07EF4F9BFFEDB8296593967D /* Pods_RatingTap.framework in Frameworks */ = {isa = PBXBuildFile; fileRef = 795EC55499883D21B561D522 /* Pods_RatingTap.framework */; };
		840D29872334F40C009F3001 /* AppDelegate.swift in Sources */ = {isa = PBXBuildFile; fileRef = 840D29862334F40C009F3001 /* AppDelegate.swift */; };
		840D29892334F40C009F3001 /* ViewController.swift in Sources */ = {isa = PBXBuildFile; fileRef = 840D29882334F40C009F3001 /* ViewController.swift */; };
		840D298C2334F40C009F3001 /* Main.storyboard in Resources */ = {isa = PBXBuildFile; fileRef = 840D298A2334F40C009F3001 /* Main.storyboard */; };
		840D298E2334F410009F3001 /* Assets.xcassets in Resources */ = {isa = PBXBuildFile; fileRef = 840D298D2334F410009F3001 /* Assets.xcassets */; };
		840D29912334F410009F3001 /* LaunchScreen.storyboard in Resources */ = {isa = PBXBuildFile; fileRef = 840D298F2334F410009F3001 /* LaunchScreen.storyboard */; };
		840D2999233505CF009F3001 /* FloatRatingView.swift in Sources */ = {isa = PBXBuildFile; fileRef = 840D2998233505CE009F3001 /* FloatRatingView.swift */; };
/* End PBXBuildFile section */

/* Begin PBXFileReference section */
		795EC55499883D21B561D522 /* Pods_RatingTap.framework */ = {isa = PBXFileReference; explicitFileType = wrapper.framework; includeInIndex = 0; path = Pods_RatingTap.framework; sourceTree = BUILT_PRODUCTS_DIR; };
		840D29832334F40C009F3001 /* RatingTap.app */ = {isa = PBXFileReference; explicitFileType = wrapper.application; includeInIndex = 0; path = RatingTap.app; sourceTree = BUILT_PRODUCTS_DIR; };
		840D29862334F40C009F3001 /* AppDelegate.swift */ = {isa = PBXFileReference; lastKnownFileType = sourcecode.swift; path = AppDelegate.swift; sourceTree = "<group>"; };
		840D29882334F40C009F3001 /* ViewController.swift */ = {isa = PBXFileReference; lastKnownFileType = sourcecode.swift; path = ViewController.swift; sourceTree = "<group>"; };
		840D298B2334F40C009F3001 /* Base */ = {isa = PBXFileReference; lastKnownFileType = file.storyboard; name = Base; path = Base.lproj/Main.storyboard; sourceTree = "<group>"; };
		840D298D2334F410009F3001 /* Assets.xcassets */ = {isa = PBXFileReference; lastKnownFileType = folder.assetcatalog; path = Assets.xcassets; sourceTree = "<group>"; };
		840D29902334F410009F3001 /* Base */ = {isa = PBXFileReference; lastKnownFileType = file.storyboard; name = Base; path = Base.lproj/LaunchScreen.storyboard; sourceTree = "<group>"; };
		840D29922334F410009F3001 /* Info.plist */ = {isa = PBXFileReference; lastKnownFileType = text.plist.xml; path = Info.plist; sourceTree = "<group>"; };
		840D2998233505CE009F3001 /* FloatRatingView.swift */ = {isa = PBXFileReference; fileEncoding = 4; lastKnownFileType = sourcecode.swift; path = FloatRatingView.swift; sourceTree = "<group>"; };
		EFD2E823407021A6989049BE /* Pods-RatingTap.debug.xcconfig */ = {isa = PBXFileReference; includeInIndex = 1; lastKnownFileType = text.xcconfig; name = "Pods-RatingTap.debug.xcconfig"; path = "Target Support Files/Pods-RatingTap/Pods-RatingTap.debug.xcconfig"; sourceTree = "<group>"; };
		EFF35A9FEF23F4D55D35C695 /* Pods-RatingTap.release.xcconfig */ = {isa = PBXFileReference; includeInIndex = 1; lastKnownFileType = text.xcconfig; name = "Pods-RatingTap.release.xcconfig"; path = "Target Support Files/Pods-RatingTap/Pods-RatingTap.release.xcconfig"; sourceTree = "<group>"; };
/* End PBXFileReference section */

/* Begin PBXFrameworksBuildPhase section */
		840D29802334F40C009F3001 /* Frameworks */ = {
			isa = PBXFrameworksBuildPhase;
			buildActionMask = 2147483647;
			files = (
				07EF4F9BFFEDB8296593967D /* Pods_RatingTap.framework in Frameworks */,
			);
			runOnlyForDeploymentPostprocessing = 0;
		};
/* End PBXFrameworksBuildPhase section */

/* Begin PBXGroup section */
		0652B69BC8A3C14CFA2F25D3 /* Frameworks */ = {
			isa = PBXGroup;
			children = (
				795EC55499883D21B561D522 /* Pods_RatingTap.framework */,
			);
			name = Frameworks;
			sourceTree = "<group>";
		};
		35C01D86398204607DB9A8EB /* Pods */ = {
			isa = PBXGroup;
			children = (
				EFD2E823407021A6989049BE /* Pods-RatingTap.debug.xcconfig */,
				EFF35A9FEF23F4D55D35C695 /* Pods-RatingTap.release.xcconfig */,
			);
			path = Pods;
			sourceTree = "<group>";
		};
		840D297A2334F40C009F3001 = {
			isa = PBXGroup;
			children = (
				840D29852334F40C009F3001 /* RatingTap */,
				840D29842334F40C009F3001 /* Products */,
				35C01D86398204607DB9A8EB /* Pods */,
				0652B69BC8A3C14CFA2F25D3 /* Frameworks */,
			);
			sourceTree = "<group>";
		};
		840D29842334F40C009F3001 /* Products */ = {
			isa = PBXGroup;
			children = (
				840D29832334F40C009F3001 /* RatingTap.app */,
			);
			name = Products;
			sourceTree = "<group>";
		};
		840D29852334F40C009F3001 /* RatingTap */ = {
			isa = PBXGroup;
			children = (
				840D29862334F40C009F3001 /* AppDelegate.swift */,
				840D2998233505CE009F3001 /* FloatRatingView.swift */,
				840D29882334F40C009F3001 /* ViewController.swift */,
				840D298A2334F40C009F3001 /* Main.storyboard */,
				840D298D2334F410009F3001 /* Assets.xcassets */,
				840D298F2334F410009F3001 /* LaunchScreen.storyboard */,
				840D29922334F410009F3001 /* Info.plist */,
			);
			path = RatingTap;
			sourceTree = "<group>";
		};
/* End PBXGroup section */

/* Begin PBXNativeTarget section */
		840D29822334F40C009F3001 /* RatingTap */ = {
			isa = PBXNativeTarget;
			buildConfigurationList = 840D29952334F410009F3001 /* Build configuration list for PBXNativeTarget "RatingTap" */;
			buildPhases = (
				A292426E59DDC033F6DBDF81 /* [CP] Check Pods Manifest.lock */,
				840D297F2334F40C009F3001 /* Sources */,
				840D29802334F40C009F3001 /* Frameworks */,
				840D29812334F40C009F3001 /* Resources */,
				80805E52760B32252A7E0E99 /* [CP] Embed Pods Frameworks */,
			);
			buildRules = (
			);
			dependencies = (
			);
			name = RatingTap;
			productName = RatingTap;
			productReference = 840D29832334F40C009F3001 /* RatingTap.app */;
			productType = "com.apple.product-type.application";
		};
/* End PBXNativeTarget section */

/* Begin PBXProject section */
		840D297B2334F40C009F3001 /* Project object */ = {
			isa = PBXProject;
			attributes = {
				LastSwiftUpdateCheck = 1030;
				LastUpgradeCheck = 1030;
				TargetAttributes = {
					840D29822334F40C009F3001 = {
						CreatedOnToolsVersion = 10.3;
					};
				};
			};
			buildConfigurationList = 840D297E2334F40C009F3001 /* Build configuration list for PBXProject "RatingTap" */;
			compatibilityVersion = "Xcode 9.3";
			developmentRegion = en;
			hasScannedForEncodings = 0;
			knownRegions = (
				en,
				Base,
			);
			mainGroup = 840D297A2334F40C009F3001;
			productRefGroup = 840D29842334F40C009F3001 /* Products */;
			projectDirPath = "";
			projectRoot = "";
			targets = (
				840D29822334F40C009F3001 /* RatingTap */,
			);
		};
/* End PBXProject section */

/* Begin PBXResourcesBuildPhase section */
		840D29812334F40C009F3001 /* Resources */ = {
			isa = PBXResourcesBuildPhase;
			buildActionMask = 2147483647;
			files = (
				840D29912334F410009F3001 /* LaunchScreen.storyboard in Resources */,
				840D298E2334F410009F3001 /* Assets.xcassets in Resources */,
				840D298C2334F40C009F3001 /* Main.storyboard in Resources */,
			);
			runOnlyForDeploymentPostprocessing = 0;
		};
/* End PBXResourcesBuildPhase section */

/* Begin PBXShellScriptBuildPhase section */
		80805E52760B32252A7E0E99 /* [CP] Embed Pods Frameworks */ = {
			isa = PBXShellScriptBuildPhase;
			buildActionMask = 2147483647;
			files = (
			);
			inputFileListPaths = (
				"${PODS_ROOT}/Target Support Files/Pods-RatingTap/Pods-RatingTap-frameworks-${CONFIGURATION}-input-files.xcfilelist",
			);
			name = "[CP] Embed Pods Frameworks";
			outputFileListPaths = (
				"${PODS_ROOT}/Target Support Files/Pods-RatingTap/Pods-RatingTap-frameworks-${CONFIGURATION}-output-files.xcfilelist",
			);
			runOnlyForDeploymentPostprocessing = 0;
			shellPath = /bin/sh;
			shellScript = "\"${PODS_ROOT}/Target Support Files/Pods-RatingTap/Pods-RatingTap-frameworks.sh\"\n";
			showEnvVarsInLog = 0;
		};
		A292426E59DDC033F6DBDF81 /* [CP] Check Pods Manifest.lock */ = {
			isa = PBXShellScriptBuildPhase;
			buildActionMask = 2147483647;
			files = (
			);
			inputFileListPaths = (
			);
			inputPaths = (
				"${PODS_PODFILE_DIR_PATH}/Podfile.lock",
				"${PODS_ROOT}/Manifest.lock",
			);
			name = "[CP] Check Pods Manifest.lock";
			outputFileListPaths = (
			);
			outputPaths = (
				"$(DERIVED_FILE_DIR)/Pods-RatingTap-checkManifestLockResult.txt",
			);
			runOnlyForDeploymentPostprocessing = 0;
			shellPath = /bin/sh;
			shellScript = "diff \"${PODS_PODFILE_DIR_PATH}/Podfile.lock\" \"${PODS_ROOT}/Manifest.lock\" > /dev/null\nif [ $? != 0 ] ; then\n    # print error to STDERR\n    echo \"error: The sandbox is not in sync with the Podfile.lock. Run 'pod install' or update your CocoaPods installation.\" >&2\n    exit 1\nfi\n# This output is used by Xcode 'outputs' to avoid re-running this script phase.\necho \"SUCCESS\" > \"${SCRIPT_OUTPUT_FILE_0}\"\n";
			showEnvVarsInLog = 0;
		};
/* End PBXShellScriptBuildPhase section */

/* Begin PBXSourcesBuildPhase section */
		840D297F2334F40C009F3001 /* Sources */ = {
			isa = PBXSourcesBuildPhase;
			buildActionMask = 2147483647;
			files = (
				840D2999233505CF009F3001 /* FloatRatingView.swift in Sources */,
				840D29892334F40C009F3001 /* ViewController.swift in Sources */,
				840D29872334F40C009F3001 /* AppDelegate.swift in Sources */,
			);
			runOnlyForDeploymentPostprocessing = 0;
		};
/* End PBXSourcesBuildPhase section */

/* Begin PBXVariantGroup section */
		840D298A2334F40C009F3001 /* Main.storyboard */ = {
			isa = PBXVariantGroup;
			children = (
				840D298B2334F40C009F3001 /* Base */,
			);
			name = Main.storyboard;
			sourceTree = "<group>";
		};
		840D298F2334F410009F3001 /* LaunchScreen.storyboard */ = {
			isa = PBXVariantGroup;
			children = (
				840D29902334F410009F3001 /* Base */,
			);
			name = LaunchScreen.storyboard;
			sourceTree = "<group>";
		};
/* End PBXVariantGroup section */

/* Begin XCBuildConfiguration section */
		840D29932334F410009F3001 /* Debug */ = {
			isa = XCBuildConfiguration;
			buildSettings = {
				ALWAYS_SEARCH_USER_PATHS = NO;
				CLANG_ANALYZER_NONNULL = YES;
				CLANG_ANALYZER_NUMBER_OBJECT_CONVERSION = YES_AGGRESSIVE;
				CLANG_CXX_LANGUAGE_STANDARD = "gnu++14";
				CLANG_CXX_LIBRARY = "libc++";
				CLANG_ENABLE_MODULES = YES;
				CLANG_ENABLE_OBJC_ARC = YES;
				CLANG_ENABLE_OBJC_WEAK = YES;
				CLANG_WARN_BLOCK_CAPTURE_AUTORELEASING = YES;
				CLANG_WARN_BOOL_CONVERSION = YES;
				CLANG_WARN_COMMA = YES;
				CLANG_WARN_CONSTANT_CONVERSION = YES;
				CLANG_WARN_DEPRECATED_OBJC_IMPLEMENTATIONS = YES;
				CLANG_WARN_DIRECT_OBJC_ISA_USAGE = YES_ERROR;
				CLANG_WARN_DOCUMENTATION_COMMENTS = YES;
				CLANG_WARN_EMPTY_BODY = YES;
				CLANG_WARN_ENUM_CONVERSION = YES;
				CLANG_WARN_INFINITE_RECURSION = YES;
				CLANG_WARN_INT_CONVERSION = YES;
				CLANG_WARN_NON_LITERAL_NULL_CONVERSION = YES;
				CLANG_WARN_OBJC_IMPLICIT_RETAIN_SELF = YES;
				CLANG_WARN_OBJC_LITERAL_CONVERSION = YES;
				CLANG_WARN_OBJC_ROOT_CLASS = YES_ERROR;
				CLANG_WARN_RANGE_LOOP_ANALYSIS = YES;
				CLANG_WARN_STRICT_PROTOTYPES = YES;
				CLANG_WARN_SUSPICIOUS_MOVE = YES;
				CLANG_WARN_UNGUARDED_AVAILABILITY = YES_AGGRESSIVE;
				CLANG_WARN_UNREACHABLE_CODE = YES;
				CLANG_WARN__DUPLICATE_METHOD_MATCH = YES;
				CODE_SIGN_IDENTITY = "iPhone Developer";
				COPY_PHASE_STRIP = NO;
				DEBUG_INFORMATION_FORMAT = dwarf;
				ENABLE_STRICT_OBJC_MSGSEND = YES;
				ENABLE_TESTABILITY = YES;
				GCC_C_LANGUAGE_STANDARD = gnu11;
				GCC_DYNAMIC_NO_PIC = NO;
				GCC_NO_COMMON_BLOCKS = YES;
				GCC_OPTIMIZATION_LEVEL = 0;
				GCC_PREPROCESSOR_DEFINITIONS = (
					"DEBUG=1",
					"$(inherited)",
				);
				GCC_WARN_64_TO_32_BIT_CONVERSION = YES;
				GCC_WARN_ABOUT_RETURN_TYPE = YES_ERROR;
				GCC_WARN_UNDECLARED_SELECTOR = YES;
				GCC_WARN_UNINITIALIZED_AUTOS = YES_AGGRESSIVE;
				GCC_WARN_UNUSED_FUNCTION = YES;
				GCC_WARN_UNUSED_VARIABLE = YES;
				IPHONEOS_DEPLOYMENT_TARGET = 12.4;
				MTL_ENABLE_DEBUG_INFO = INCLUDE_SOURCE;
				MTL_FAST_MATH = YES;
				ONLY_ACTIVE_ARCH = YES;
				SDKROOT = iphoneos;
				SWIFT_ACTIVE_COMPILATION_CONDITIONS = DEBUG;
				SWIFT_OPTIMIZATION_LEVEL = "-Onone";
			};
			name = Debug;
		};
		840D29942334F410009F3001 /* Release */ = {
			isa = XCBuildConfiguration;
			buildSettings = {
				ALWAYS_SEARCH_USER_PATHS = NO;
				CLANG_ANALYZER_NONNULL = YES;
				CLANG_ANALYZER_NUMBER_OBJECT_CONVERSION = YES_AGGRESSIVE;
				CLANG_CXX_LANGUAGE_STANDARD = "gnu++14";
				CLANG_CXX_LIBRARY = "libc++";
				CLANG_ENABLE_MODULES = YES;
				CLANG_ENABLE_OBJC_ARC = YES;
				CLANG_ENABLE_OBJC_WEAK = YES;
				CLANG_WARN_BLOCK_CAPTURE_AUTORELEASING = YES;
				CLANG_WARN_BOOL_CONVERSION = YES;
				CLANG_WARN_COMMA = YES;
				CLANG_WARN_CONSTANT_CONVERSION = YES;
				CLANG_WARN_DEPRECATED_OBJC_IMPLEMENTATIONS = YES;
				CLANG_WARN_DIRECT_OBJC_ISA_USAGE = YES_ERROR;
				CLANG_WARN_DOCUMENTATION_COMMENTS = YES;
				CLANG_WARN_EMPTY_BODY = YES;
				CLANG_WARN_ENUM_CONVERSION = YES;
				CLANG_WARN_INFINITE_RECURSION = YES;
				CLANG_WARN_INT_CONVERSION = YES;
				CLANG_WARN_NON_LITERAL_NULL_CONVERSION = YES;
				CLANG_WARN_OBJC_IMPLICIT_RETAIN_SELF = YES;
				CLANG_WARN_OBJC_LITERAL_CONVERSION = YES;
				CLANG_WARN_OBJC_ROOT_CLASS = YES_ERROR;
				CLANG_WARN_RANGE_LOOP_ANALYSIS = YES;
				CLANG_WARN_STRICT_PROTOTYPES = YES;
				CLANG_WARN_SUSPICIOUS_MOVE = YES;
				CLANG_WARN_UNGUARDED_AVAILABILITY = YES_AGGRESSIVE;
				CLANG_WARN_UNREACHABLE_CODE = YES;
				CLANG_WARN__DUPLICATE_METHOD_MATCH = YES;
				CODE_SIGN_IDENTITY = "iPhone Developer";
				COPY_PHASE_STRIP = NO;
				DEBUG_INFORMATION_FORMAT = "dwarf-with-dsym";
				ENABLE_NS_ASSERTIONS = NO;
				ENABLE_STRICT_OBJC_MSGSEND = YES;
				GCC_C_LANGUAGE_STANDARD = gnu11;
				GCC_NO_COMMON_BLOCKS = YES;
				GCC_WARN_64_TO_32_BIT_CONVERSION = YES;
				GCC_WARN_ABOUT_RETURN_TYPE = YES_ERROR;
				GCC_WARN_UNDECLARED_SELECTOR = YES;
				GCC_WARN_UNINITIALIZED_AUTOS = YES_AGGRESSIVE;
				GCC_WARN_UNUSED_FUNCTION = YES;
				GCC_WARN_UNUSED_VARIABLE = YES;
				IPHONEOS_DEPLOYMENT_TARGET = 12.4;
				MTL_ENABLE_DEBUG_INFO = NO;
				MTL_FAST_MATH = YES;
				SDKROOT = iphoneos;
				SWIFT_COMPILATION_MODE = wholemodule;
				SWIFT_OPTIMIZATION_LEVEL = "-O";
				VALIDATE_PRODUCT = YES;
			};
			name = Release;
		};
		840D29962334F410009F3001 /* Debug */ = {
			isa = XCBuildConfiguration;
			baseConfigurationReference = EFD2E823407021A6989049BE /* Pods-RatingTap.debug.xcconfig */;
			buildSettings = {
				ASSETCATALOG_COMPILER_APPICON_NAME = AppIcon;
				CODE_SIGN_STYLE = Automatic;
				DEVELOPMENT_TEAM = TJ6Y774P4N;
				INFOPLIST_FILE = RatingTap/Info.plist;
				LD_RUNPATH_SEARCH_PATHS = (
					"$(inherited)",
					"@executable_path/Frameworks",
				);
				PRODUCT_BUNDLE_IDENTIFIER = ru.quadref.work;
				PRODUCT_NAME = "$(TARGET_NAME)";
				SWIFT_VERSION = 5.0;
				TARGETED_DEVICE_FAMILY = "1,2";
			};
			name = Debug;
		};
		840D29972334F410009F3001 /* Release */ = {
			isa = XCBuildConfiguration;
			baseConfigurationReference = EFF35A9FEF23F4D55D35C695 /* Pods-RatingTap.release.xcconfig */;
			buildSettings = {
				ASSETCATALOG_COMPILER_APPICON_NAME = AppIcon;
				CODE_SIGN_STYLE = Automatic;
				DEVELOPMENT_TEAM = TJ6Y774P4N;
				INFOPLIST_FILE = RatingTap/Info.plist;
				LD_RUNPATH_SEARCH_PATHS = (
					"$(inherited)",
					"@executable_path/Frameworks",
				);
				PRODUCT_BUNDLE_IDENTIFIER = ru.quadref.work;
				PRODUCT_NAME = "$(TARGET_NAME)";
				SWIFT_VERSION = 5.0;
				TARGETED_DEVICE_FAMILY = "1,2";
			};
			name = Release;
		};
/* End XCBuildConfiguration section */

/* Begin XCConfigurationList section */
		840D297E2334F40C009F3001 /* Build configuration list for PBXProject "RatingTap" */ = {
			isa = XCConfigurationList;
			buildConfigurations = (
				840D29932334F410009F3001 /* Debug */,
				840D29942334F410009F3001 /* Release */,
			);
			defaultConfigurationIsVisible = 0;
			defaultConfigurationName = Release;
		};
		840D29952334F410009F3001 /* Build configuration list for PBXNativeTarget "RatingTap" */ = {
			isa = XCConfigurationList;
			buildConfigurations = (
				840D29962334F410009F3001 /* Debug */,
				840D29972334F410009F3001 /* Release */,
			);
			defaultConfigurationIsVisible = 0;
			defaultConfigurationName = Release;
		};
/* End XCConfigurationList section */
	};
	rootObject = 840D297B2334F40C009F3001 /* Project object */;
}
